
Microsoft Visual Studio Solution File, Format Version 12.00
# Visual Studio Version 17
VisualStudioVersion = 17.11.35208.52
MinimumVisualStudioVersion = 10.0.40219.1
Project("{FAE04EC0-301F-11D3-BF4B-00C04F79EFBC}") = "Homework", "Homework\Homework.csproj", "{39D024CB-3786-428E-9097-2393D266B8A1}"
EndProject
Global
	GlobalSection(SolutionConfigurationPlatforms) = preSolution
		Debug|Any CPU = Debug|Any CPU
		Release|Any CPU = Release|Any CPU
	EndGlobalSection
	GlobalSection(ProjectConfigurationPlatforms) = postSolution
		{39D024CB-3786-428E-9097-2393D266B8A1}.Debug|Any CPU.ActiveCfg = Debug|Any CPU
		{39D024CB-3786-428E-9097-2393D266B8A1}.Debug|Any CPU.Build.0 = Debug|Any CPU
		{39D024CB-3786-428E-9097-2393D266B8A1}.Release|Any CPU.ActiveCfg = Release|Any CPU
		{39D024CB-3786-428E-9097-2393D266B8A1}.Release|Any CPU.Build.0 = Release|Any CPU
	EndGlobalSection
	GlobalSection(SolutionProperties) = preSolution
		HideSolutionNode = FALSE
	EndGlobalSection
	GlobalSection(ExtensibilityGlobals) = postSolution
		SolutionGuid = {52518F17-4129-4D9E-B663-973FECF0CEC5}
	EndGlobalSection
EndGlobal
